
Microsoft Visual Studio Solution File, Format Version 12.00
# Visual Studio 15
VisualStudioVersion = 15.0.28307.572
MinimumVisualStudioVersion = 10.0.40219.1
Project("{FAE04EC0-301F-11D3-BF4B-00C04F79EFBC}") = "Epinova.GoogleGeocoding", "src\Epinova.GoogleGeocoding.csproj", "{2FB97261-D97E-4852-BACB-80492A0B0CC4}"
EndProject
Project("{FAE04EC0-301F-11D3-BF4B-00C04F79EFBC}") = "Epinova.GoogleGeocodingTests", "tests\Epinova.GoogleGeocodingTests.csproj", "{49EC9A58-3050-44B2-AA49-268B0252D7F2}"
EndProject
Project("{2150E333-8FDC-42A3-9474-1A3956D46DE8}") = "assets", "assets", "{8FB9D404-9D1C-452D-919F-07224219D082}"
	ProjectSection(SolutionItems) = preProject
		.gitignore = .gitignore
		appveyor.yml = appveyor.yml
		LICENSE = LICENSE
		README.md = README.md
	EndProjectSection
EndProject
Global
	GlobalSection(SolutionConfigurationPlatforms) = preSolution
		Debug|Any CPU = Debug|Any CPU
		Release|Any CPU = Release|Any CPU
	EndGlobalSection
	GlobalSection(ProjectConfigurationPlatforms) = postSolution
		{2FB97261-D97E-4852-BACB-80492A0B0CC4}.Debug|Any CPU.ActiveCfg = Debug|Any CPU
		{2FB97261-D97E-4852-BACB-80492A0B0CC4}.Debug|Any CPU.Build.0 = Debug|Any CPU
		{2FB97261-D97E-4852-BACB-80492A0B0CC4}.Release|Any CPU.ActiveCfg = Release|Any CPU
		{2FB97261-D97E-4852-BACB-80492A0B0CC4}.Release|Any CPU.Build.0 = Release|Any CPU
		{49EC9A58-3050-44B2-AA49-268B0252D7F2}.Debug|Any CPU.ActiveCfg = Debug|Any CPU
		{49EC9A58-3050-44B2-AA49-268B0252D7F2}.Debug|Any CPU.Build.0 = Debug|Any CPU
		{49EC9A58-3050-44B2-AA49-268B0252D7F2}.Release|Any CPU.ActiveCfg = Release|Any CPU
		{49EC9A58-3050-44B2-AA49-268B0252D7F2}.Release|Any CPU.Build.0 = Release|Any CPU
	EndGlobalSection
	GlobalSection(SolutionProperties) = preSolution
		HideSolutionNode = FALSE
	EndGlobalSection
	GlobalSection(ExtensibilityGlobals) = postSolution
		SolutionGuid = {B7E687AD-22E7-46D2-80CE-BE894C525FDB}
	EndGlobalSection
EndGlobal
